
Microsoft Visual Studio Solution File, Format Version 12.00
# Visual Studio Version 17
VisualStudioVersion = 17.6.33815.320
MinimumVisualStudioVersion = 10.0.40219.1
Project("{9A19103F-16F7-4668-BE54-9A1E7A4F7556}") = "My_Journal", "My_Journal.csproj", "{FA236F8F-592E-45F3-91DC-C6B35A30551D}"
EndProject
Project("{FAE04EC0-301F-11D3-BF4B-00C04F79EFBC}") = "MyJournalTestProject", "..\MyJournalTestProject\MyJournalTestProject.csproj", "{2F3F1AA8-E716-442D-94DE-B03C18B27A05}"
EndProject
Global
	GlobalSection(SolutionConfigurationPlatforms) = preSolution
		Debug|Any CPU = Debug|Any CPU
		Release|Any CPU = Release|Any CPU
	EndGlobalSection
	GlobalSection(ProjectConfigurationPlatforms) = postSolution
		{FA236F8F-592E-45F3-91DC-C6B35A30551D}.Debug|Any CPU.ActiveCfg = Debug|Any CPU
		{FA236F8F-592E-45F3-91DC-C6B35A30551D}.Debug|Any CPU.Build.0 = Debug|Any CPU
		{FA236F8F-592E-45F3-91DC-C6B35A30551D}.Release|Any CPU.ActiveCfg = Release|Any CPU
		{FA236F8F-592E-45F3-91DC-C6B35A30551D}.Release|Any CPU.Build.0 = Release|Any CPU
		{2F3F1AA8-E716-442D-94DE-B03C18B27A05}.Debug|Any CPU.ActiveCfg = Debug|Any CPU
		{2F3F1AA8-E716-442D-94DE-B03C18B27A05}.Debug|Any CPU.Build.0 = Debug|Any CPU
		{2F3F1AA8-E716-442D-94DE-B03C18B27A05}.Release|Any CPU.ActiveCfg = Release|Any CPU
		{2F3F1AA8-E716-442D-94DE-B03C18B27A05}.Release|Any CPU.Build.0 = Release|Any CPU
	EndGlobalSection
	GlobalSection(SolutionProperties) = preSolution
		HideSolutionNode = FALSE
	EndGlobalSection
	GlobalSection(ExtensibilityGlobals) = postSolution
		SolutionGuid = {EF8775FA-96E3-47A7-AA1E-72ECB3B23054}
	EndGlobalSection
EndGlobal
